<?xml version="1.0" encoding="UTF-8" standalone="yes" ?>
<CodeBlocks_project_file>
	<FileVersion major="1" minor="6" />
	<Project>
		<Option title="Karma" />
		<Option pch_mode="2" />
		<Option compiler="gcc" />
		<Build>
			<Target title="Debug">
				<Option output="bin/Debug/Karma" prefix_auto="1" extension_auto="1" />
				<Option object_output="obj/Debug/" />
				<Option type="1" />
				<Option compiler="gcc" />
				<Compiler>
					<Add option="-g" />
					<Add directory="include" />
				</Compiler>
				<Linker>
					<Add library="/usr/local/lib/liballegro_main.so" />
					<Add library="/usr/local/lib/liballegro_dialog.so" />
					<Add library="/usr/local/lib/liballegro_physfs.so" />
					<Add library="/usr/local/lib/liballegro_ttf.so" />
					<Add library="/usr/local/lib/liballegro_memfile.so" />
					<Add library="/usr/local/lib/liballegro_color.so" />
					<Add library="/usr/local/lib/liballegro_acodec.so" />
					<Add library="/usr/local/lib/liballegro_audio.so" />
					<Add library="/usr/local/lib/liballegro_image.so" />
					<Add library="/usr/local/lib/liballegro_font.so" />
					<Add library="/usr/local/lib/liballegro_primitives.so" />
					<Add library="/usr/local/lib/liballegro.so" />
				</Linker>
			</Target>
			<Target title="Release">
				<Option output="bin/Release/Karma" prefix_auto="1" extension_auto="1" />
				<Option object_output="obj/Release/" />
				<Option type="1" />
				<Option compiler="gcc" />
				<Compiler>
					<Add option="-O2" />
					<Add directory="include" />
				</Compiler>
				<Linker>
					<Add option="-s" />
				</Linker>
			</Target>
		</Build>
		<Compiler>
			<Add option="-Wall" />
			<Add option="-fexceptions" />
		</Compiler>
		<Unit filename="include/Animation.h" />
		<Unit filename="include/EndScreen.h" />
		<Unit filename="include/Entity.h" />
		<Unit filename="include/EntityManager.h" />
		<Unit filename="include/FadeAnimation.h" />
		<Unit filename="include/GameScreen.h" />
		<Unit filename="include/GameplayScreen.h" />
		<Unit filename="include/InputManager.h" />
		<Unit filename="include/Player.h" />
		<Unit filename="include/ScreenManager.h" />
		<Unit filename="include/SplashScreen.h" />
		<Unit filename="include/SpriteSheetAnimation.h" />
		<Unit filename="include/TitleScreen.h" />
		<Unit filename="main.cpp" />
		<Unit filename="src/Animation.cpp" />
		<Unit filename="src/EndScreen.cpp" />
		<Unit filename="src/Entity.cpp" />
		<Unit filename="src/EntityManager.cpp" />
		<Unit filename="src/FadeAnimation.cpp" />
		<Unit filename="src/GameScreen.cpp" />
		<Unit filename="src/GameplayScreen.cpp" />
		<Unit filename="src/InputManager.cpp" />
		<Unit filename="src/Player.cpp" />
		<Unit filename="src/ScreenManager.cpp" />
		<Unit filename="src/SplashScreen.cpp" />
		<Unit filename="src/SpriteSheetAnimation.cpp" />
		<Unit filename="src/TitleScreen.cpp" />
		<Extensions>
			<code_completion />
			<debugger />
		</Extensions>
	</Project>
</CodeBlocks_project_file>
